
Microsoft Visual Studio Solution File, Format Version 12.00
# Visual Studio Version 17
VisualStudioVersion = 17.4.33213.308
MinimumVisualStudioVersion = 10.0.40219.1
Project("{FAE04EC0-301F-11D3-BF4B-00C04F79EFBC}") = "BasicAppSettings", "BasicAppSettings\BasicAppSettings.csproj", "{70991FB2-E0E1-4504-B30A-4FD26E600EA7}"
EndProject
Project("{FAE04EC0-301F-11D3-BF4B-00C04F79EFBC}") = "BasicAppSettingsDemo", "BasicAppSettingsDemo\BasicAppSettingsDemo.csproj", "{D1406069-7F71-4A8C-84D2-4F12DF659AB8}"
EndProject
Global
	GlobalSection(SolutionConfigurationPlatforms) = preSolution
		Debug|Any CPU = Debug|Any CPU
		Release|Any CPU = Release|Any CPU
	EndGlobalSection
	GlobalSection(ProjectConfigurationPlatforms) = postSolution
		{70991FB2-E0E1-4504-B30A-4FD26E600EA7}.Debug|Any CPU.ActiveCfg = Debug|Any CPU
		{70991FB2-E0E1-4504-B30A-4FD26E600EA7}.Debug|Any CPU.Build.0 = Debug|Any CPU
		{70991FB2-E0E1-4504-B30A-4FD26E600EA7}.Release|Any CPU.ActiveCfg = Release|Any CPU
		{70991FB2-E0E1-4504-B30A-4FD26E600EA7}.Release|Any CPU.Build.0 = Release|Any CPU
		{D1406069-7F71-4A8C-84D2-4F12DF659AB8}.Debug|Any CPU.ActiveCfg = Debug|Any CPU
		{D1406069-7F71-4A8C-84D2-4F12DF659AB8}.Debug|Any CPU.Build.0 = Debug|Any CPU
		{D1406069-7F71-4A8C-84D2-4F12DF659AB8}.Release|Any CPU.ActiveCfg = Release|Any CPU
		{D1406069-7F71-4A8C-84D2-4F12DF659AB8}.Release|Any CPU.Build.0 = Release|Any CPU
	EndGlobalSection
	GlobalSection(SolutionProperties) = preSolution
		HideSolutionNode = FALSE
	EndGlobalSection
	GlobalSection(ExtensibilityGlobals) = postSolution
		SolutionGuid = {07853294-1626-4B7E-8A99-D35952454E88}
	EndGlobalSection
EndGlobal
